<?xml version="1.0" encoding="utf-8"?>
<Project ToolsVersion="17.0" xmlns="http://schemas.microsoft.com/developer/msbuild/2003">
  <ItemGroup>
    <ClCompile Include="..\Classes\Scene\AuctionScene.cpp">
      <Filter>Source Files\Classes\Scene</Filter>
    </ClCompile>
    <ClCompile Include="..\Classes\Scene\ExplanationScene.cpp">
      <Filter>Source Files\Classes\Scene</Filter>
    </ClCompile>
    <ClCompile Include="..\Classes\Scene\MyGalleryScene.cpp">
      <Filter>Source Files\Classes\Scene</Filter>
    </ClCompile>
    <ClCompile Include="..\Classes\Scene\PaintingSubmissionScene.cpp">
      <Filter>Source Files\Classes\Scene</Filter>
    </ClCompile>
    <ClCompile Include="..\Classes\Scene\PlayMenuScene.cpp">
      <Filter>Source Files\Classes\Scene</Filter>
    </ClCompile>
    <ClCompile Include="..\Classes\Scene\RankingResultScene.cpp">
      <Filter>Source Files\Classes\Scene</Filter>
    </ClCompile>
    <ClCompile Include="..\Classes\Scene\RoomListScene.cpp">
      <Filter>Source Files\Classes\Scene</Filter>
    </ClCompile>
    <ClCompile Include="..\Classes\Scene\TitleScene.cpp">
      <Filter>Source Files\Classes\Scene</Filter>
    </ClCompile>
    <ClCompile Include="..\Classes\Scene\WaitingRoomScene.cpp">
      <Filter>Source Files\Classes\Scene</Filter>
    </ClCompile>
    <ClCompile Include="..\Classes\Widget\Timer.cpp">
      <Filter>Source Files\Classes\Widget</Filter>
    </ClCompile>
    <ClCompile Include="..\Classes\Widget\Popup.cpp">
      <Filter>Source Files\Classes\Widget</Filter>
    </ClCompile>
    <ClCompile Include="..\Classes\Widget\Painting.cpp">
      <Filter>Source Files\Classes\Widget</Filter>
    </ClCompile>
    <ClCompile Include="..\Classes\Widget\PaintingView.cpp">
      <Filter>Source Files\Classes\Widget</Filter>
    </ClCompile>
    <ClCompile Include="..\Classes\Manager\SingleGameManager.cpp">
      <Filter>Source Files\Classes\Manager</Filter>
    </ClCompile>
    <ClCompile Include="..\Classes\Manager\NetworkGameManager.cpp">
      <Filter>Source Files\Classes\Manager</Filter>
    </ClCompile>
    <ClCompile Include="..\Classes\Player\Player.cpp">
      <Filter>Source Files\Classes\Player</Filter>
    </ClCompile>
    <ClCompile Include="..\Classes\Manager\PlayerManager.cpp">
      <Filter>Source Files\Classes\Manager</Filter>
    </ClCompile>
    <ClCompile Include="..\Classes\Utility.cpp">
      <Filter>Source Files</Filter>
    </ClCompile>
    <ClCompile Include="$(ProjectDir)..\Classes\AppDelegate.cpp">
      <Filter>Source Files</Filter>
    </ClCompile>
    <ClCompile Include="$(ProjectDir)\main.cpp">
      <Filter>Source Files</Filter>
    </ClCompile>
    <ClCompile Include="$(ProjectDir)..\cocos2d\cocos\precheader.cpp">
      <Filter>Source Files</Filter>
    </ClCompile>
    <ClCompile Include="..\Classes\Widget\Jukebox.cpp">
      <Filter>Source Files\Classes\Widget</Filter>
    </ClCompile>
    <ClCompile Include="..\Classes\EventCheckingAction.cpp">
      <Filter>Source Files</Filter>
    </ClCompile>
  </ItemGroup>
  <ItemGroup>
    <ClInclude Include="..\Classes\Scene\AuctionScene.h">
      <Filter>Source Files\Classes\Scene</Filter>
    </ClInclude>
    <ClInclude Include="..\Classes\Scene\ExplanationScene.h">
      <Filter>Source Files\Classes\Scene</Filter>
    </ClInclude>
    <ClInclude Include="..\Classes\Scene\MyGalleryScene.h">
      <Filter>Source Files\Classes\Scene</Filter>
    </ClInclude>
    <ClInclude Include="..\Classes\Scene\PaintingSubmissionScene.h">
      <Filter>Source Files\Classes\Scene</Filter>
    </ClInclude>
    <ClInclude Include="..\Classes\Scene\PlayMenuScene.h">
      <Filter>Source Files\Classes\Scene</Filter>
    </ClInclude>
    <ClInclude Include="..\Classes\Scene\RankingResultScene.h">
      <Filter>Source Files\Classes\Scene</Filter>
    </ClInclude>
    <ClInclude Include="..\Classes\Scene\RoomListScene.h">
      <Filter>Source Files\Classes\Scene</Filter>
    </ClInclude>
    <ClInclude Include="..\Classes\Scene\TitleScene.h">
      <Filter>Source Files\Classes\Scene</Filter>
    </ClInclude>
    <ClInclude Include="..\Classes\Scene\WaitingRoomScene.h">
      <Filter>Source Files\Classes\Scene</Filter>
    </ClInclude>
    <ClInclude Include="..\Classes\Widget\Timer.h">
      <Filter>Source Files\Classes\Widget</Filter>
    </ClInclude>
    <ClInclude Include="..\Classes\Widget\Popup.h">
      <Filter>Source Files\Classes\Widget</Filter>
    </ClInclude>
    <ClInclude Include="$(ProjectDir)..\Resources\CloseNormal.png" />
    <ClInclude Include="$(ProjectDir)..\Resources\CloseSelected.png" />
    <ClInclude Include="$(ProjectDir)..\Resources\HelloWorld.png" />
    <ClInclude Include="$(ProjectDir)..\Resources\fonts\Marker Felt.ttf" />
    <ClInclude Include="$(ProjectDir)..\Resources\fonts\arial.ttf" />
    <ClInclude Include="$(ProjectDir)..\Resources\res\.gitkeep" />
    <ClInclude Include="..\Classes\Widget\Painting.h">
      <Filter>Source Files\Classes\Widget</Filter>
    </ClInclude>
    <ClInclude Include="..\Classes\Widget\PaintingView.h">
      <Filter>Source Files\Classes\Widget</Filter>
    </ClInclude>
    <ClInclude Include="..\Classes\Manager\GameManager.h">
      <Filter>Source Files\Classes\Manager</Filter>
    </ClInclude>
    <ClInclude Include="..\Classes\Manager\NetworkGameManager.h">
      <Filter>Source Files\Classes\Manager</Filter>
    </ClInclude>
    <ClInclude Include="..\Classes\Manager\SingleGameManager.h">
      <Filter>Source Files\Classes\Manager</Filter>
    </ClInclude>
    <ClInclude Include="..\Classes\Player\Player.h">
      <Filter>Source Files\Classes\Player</Filter>
    </ClInclude>
    <ClInclude Include="..\Classes\Manager\PlayerManager.h">
      <Filter>Source Files\Classes\Manager</Filter>
    </ClInclude>
    <ClInclude Include="..\Classes\Model\Painting.h">
      <Filter>Source Files\Classes\Model</Filter>
    </ClInclude>
    <ClInclude Include="..\Classes\Utility.h">
      <Filter>Source Files</Filter>
    </ClInclude>
    <ClInclude Include="$(ProjectDir)..\Classes\AppDelegate.h">
      <Filter>Source Files</Filter>
    </ClInclude>
    <ClInclude Include="$(ProjectDir)\main.h">
      <Filter>Source Files</Filter>
    </ClInclude>
    <ClInclude Include="$(ProjectDir)\resource.h">
      <Filter>Source Files</Filter>
    </ClInclude>
    <ClInclude Include="..\Classes\Widget\Jukebox.h">
      <Filter>Source Files\Classes\Widget</Filter>
    </ClInclude>
    <ClInclude Include="..\Classes\EventCheckingAction.h">
      <Filter>Source Files</Filter>
    </ClInclude>
  </ItemGroup>
  <ItemGroup>
    <CustomBuild Include="$(ProjectDir)..\CMakeLists.txt" />
  </ItemGroup>
  <ItemGroup>
    <ResourceCompile Include="$(ProjectDir)\game.rc" />
  </ItemGroup>
  <ItemGroup>
    <Filter Include="Resources">
      <UniqueIdentifier>{C3DC390B-D407-3487-B372-A27077E2430F}</UniqueIdentifier>
    </Filter>
    <Filter Include="Resources\fonts">
      <UniqueIdentifier>{A220C3D4-55E1-3EF2-826A-69C6D6BADF0B}</UniqueIdentifier>
    </Filter>
    <Filter Include="Resources\res">
      <UniqueIdentifier>{720CD581-6CC9-33D2-A7CA-215430235A3E}</UniqueIdentifier>
    </Filter>
    <Filter Include="Source Files">
      <UniqueIdentifier>{49A023E1-CF0C-3EF2-A8C9-3230797E1CBB}</UniqueIdentifier>
    </Filter>
    <Filter Include="Source Files\Classes">
      <UniqueIdentifier>{ADCF3880-909A-3724-85FA-59FD59C4D286}</UniqueIdentifier>
    </Filter>
    <Filter Include="Source Files\proj.win32">
      <UniqueIdentifier>{C24AA50A-DD48-35EF-8124-6281AACD7F9A}</UniqueIdentifier>
    </Filter>
    <Filter Include="Source Files\Classes\Scene">
      <UniqueIdentifier>{3e50feff-5e12-495c-91db-6942faa702cc}</UniqueIdentifier>
    </Filter>
    <Filter Include="Resources\backgrounds">
      <UniqueIdentifier>{854a0cc8-0afc-4017-ac2a-dc78c592cfde}</UniqueIdentifier>
    </Filter>
    <Filter Include="Source Files\Classes\Widget">
      <UniqueIdentifier>{299f589b-01ca-42e8-90b8-86a7d1cd0a93}</UniqueIdentifier>
    </Filter>
    <Filter Include="Resources\paintings">
      <UniqueIdentifier>{8d4633f4-61af-41f5-bbbb-4dd33cf27e53}</UniqueIdentifier>
    </Filter>
    <Filter Include="Resources\paintings\AI">
      <UniqueIdentifier>{949e07c5-26b8-4fc7-83f0-ec0443e7b830}</UniqueIdentifier>
    </Filter>
    <Filter Include="Resources\paintings\Francisco de Goya">
      <UniqueIdentifier>{205c5af3-2321-4f63-8994-66c21a64cf68}</UniqueIdentifier>
    </Filter>
    <Filter Include="Resources\paintings\Katsushika Hokusai">
      <UniqueIdentifier>{0c4f92dc-485a-4cc2-85c4-bf5534cb27ff}</UniqueIdentifier>
    </Filter>
    <Filter Include="Resources\paintings\Vincent van Gogh">
      <UniqueIdentifier>{3ca1cac5-60db-4cdd-a100-c512ea82ecd6}</UniqueIdentifier>
    </Filter>
    <Filter Include="Resources\paintings\Wassily Kandinsky">
      <UniqueIdentifier>{755827dc-5d1b-4483-90f1-7341d6059bab}</UniqueIdentifier>
    </Filter>
    <Filter Include="Source Files\Classes\Manager">
      <UniqueIdentifier>{080dd82c-273e-4f31-a5ba-b0f0a2aee78f}</UniqueIdentifier>
    </Filter>
    <Filter Include="Source Files\Classes\Player">
      <UniqueIdentifier>{0fe1d210-12e2-410a-b97a-30c9dd266894}</UniqueIdentifier>
    </Filter>
    <Filter Include="Source Files\Classes\Model">
      <UniqueIdentifier>{158d2b77-d067-4252-a318-645796dae4e4}</UniqueIdentifier>
    </Filter>
    <Filter Include="Resources\audios">
      <UniqueIdentifier>{5eb24498-63db-47a7-9185-45f5fef0790c}</UniqueIdentifier>
    </Filter>
  </ItemGroup>
  <ItemGroup>
    <Image Include="..\Resources\backgrounds\1.jpg">
      <Filter>Resources\backgrounds</Filter>
    </Image>
    <Image Include="..\Resources\backgrounds\2.jpg">
      <Filter>Resources\backgrounds</Filter>
    </Image>
    <Image Include="..\Resources\backgrounds\3.jpg">
      <Filter>Resources\backgrounds</Filter>
    </Image>
    <Image Include="..\Resources\backgrounds\4.jpg">
      <Filter>Resources\backgrounds</Filter>
    </Image>
    <Image Include="..\Resources\backgrounds\5.jpg">
      <Filter>Resources\backgrounds</Filter>
    </Image>
    <Image Include="..\Resources\backgrounds\6.jpg">
      <Filter>Resources\backgrounds</Filter>
    </Image>
    <Image Include="..\Resources\backgrounds\7.jpg">
      <Filter>Resources\backgrounds</Filter>
    </Image>
    <Image Include="..\Resources\backgrounds\8.jpg">
      <Filter>Resources\backgrounds</Filter>
    </Image>
    <Image Include="..\Resources\backgrounds\9.jpg">
      <Filter>Resources\backgrounds</Filter>
    </Image>
    <Image Include="..\Resources\backgrounds\10.jpg">
      <Filter>Resources\backgrounds</Filter>
    </Image>
    <Image Include="..\Resources\backgrounds\11.jpg">
      <Filter>Resources\backgrounds</Filter>
    </Image>
    <Image Include="..\Resources\backgrounds\12.jpg">
      <Filter>Resources\backgrounds</Filter>
    </Image>
    <Image Include="..\Resources\backgrounds\13.jpg">
      <Filter>Resources\backgrounds</Filter>
    </Image>
    <Image Include="..\Resources\backgrounds\14.jpg">
      <Filter>Resources\backgrounds</Filter>
    </Image>
    <Image Include="..\Resources\backgrounds\15.jpg">
      <Filter>Resources\backgrounds</Filter>
    </Image>
    <Image Include="..\Resources\paintings\Francisco de Goya\Francisco de Goya - The Parasol (1777).jpg">
      <Filter>Resources\paintings\Francisco de Goya</Filter>
    </Image>
    <Image Include="..\Resources\paintings\Francisco de Goya\Francisco de Goya - The Third of May 1808 (1814).jpg">
      <Filter>Resources\paintings\Francisco de Goya</Filter>
    </Image>
    <Image Include="..\Resources\paintings\Francisco de Goya\Francisco de Goya - Witches%27 Flight (1798).jpg">
      <Filter>Resources\paintings\Francisco de Goya</Filter>
    </Image>
    <Image Include="..\Resources\paintings\Francisco de Goya\Francisco de Goya - Witches%27 Sabbath (1798).jpg">
      <Filter>Resources\paintings\Francisco de Goya</Filter>
    </Image>
    <Image Include="..\Resources\paintings\Francisco de Goya\Francisco de Goya - Autumn (1786).jpg">
      <Filter>Resources\paintings\Francisco de Goya</Filter>
    </Image>
    <Image Include="..\Resources\paintings\Francisco de Goya\Francisco de Goya - Majas on a Balcony (1814).jpg">
      <Filter>Resources\paintings\Francisco de Goya</Filter>
    </Image>
    <Image Include="..\Resources\paintings\Francisco de Goya\Francisco de Goya - Saturn devouring His Son (1823).jpg">
      <Filter>Resources\paintings\Francisco de Goya</Filter>
    </Image>
    <Image Include="..\Resources\paintings\Francisco de Goya\Francisco de Goya - The Clothed Maja (1805).jpg">
      <Filter>Resources\paintings\Francisco de Goya</Filter>
    </Image>
    <Image Include="..\Resources\paintings\Francisco de Goya\Francisco de Goya - The Colossus (1808).jpg">
      <Filter>Resources\paintings\Francisco de Goya</Filter>
    </Image>
    <Image Include="..\Resources\paintings\Francisco de Goya\Francisco de Goya - The Dog (1823).jpg">
      <Filter>Resources\paintings\Francisco de Goya</Filter>
    </Image>
    <Image Include="..\Resources\paintings\Katsushika Hokusai\Katsushika Hokusai - The Ghost of Oiwa (1837).jpg">
      <Filter>Resources\paintings\Katsushika Hokusai</Filter>
    </Image>
    <Image Include="..\Resources\paintings\Katsushika Hokusai\Katsushika Hokusai - The Great Wave off Kanagawa (1832).jpg">
      <Filter>Resources\paintings\Katsushika Hokusai</Filter>
    </Image>
    <Image Include="..\Resources\paintings\Katsushika Hokusai\Katsushika Hokusai - Thunderstorm Beneath the Summit (1832).jpg">
      <Filter>Resources\paintings\Katsushika Hokusai</Filter>
    </Image>
    <Image Include="..\Resources\paintings\Katsushika Hokusai\Katsushika Hokusai - Two mice (1849).jpg">
      <Filter>Resources\paintings\Katsushika Hokusai</Filter>
    </Image>
    <Image Include="..\Resources\paintings\Katsushika Hokusai\Katsushika Hokusai - Courtesan Asleep (Unknown).jpg">
      <Filter>Resources\paintings\Katsushika Hokusai</Filter>
    </Image>
    <Image Include="..\Resources\paintings\Katsushika Hokusai\Katsushika Hokusai - Ejiri in the Suruga province (1832).jpg">
      <Filter>Resources\paintings\Katsushika Hokusai</Filter>
    </Image>
    <Image Include="..\Resources\paintings\Katsushika Hokusai\Katsushika Hokusai - Fuji from Goten-yama at Shinagawa on the Tokaido (1830).jpg">
      <Filter>Resources\paintings\Katsushika Hokusai</Filter>
    </Image>
    <Image Include="..\Resources\paintings\Katsushika Hokusai\Katsushika Hokusai - Kajikazawa in Kai Province (1832).jpg">
      <Filter>Resources\paintings\Katsushika Hokusai</Filter>
    </Image>
    <Image Include="..\Resources\paintings\Katsushika Hokusai\Katsushika Hokusai - Poem by Minamoto no Muneyuki Ason (1837).jpg">
      <Filter>Resources\paintings\Katsushika Hokusai</Filter>
    </Image>
    <Image Include="..\Resources\paintings\Katsushika Hokusai\Katsushika Hokusai - Sazai Hall of the Temple of the Five Hundred Arhats (1830).jpg">
      <Filter>Resources\paintings\Katsushika Hokusai</Filter>
    </Image>
    <Image Include="..\Resources\paintings\Vincent van Gogh\Vincent van Gogh - The Potato Eaters (1885).jpg">
      <Filter>Resources\paintings\Vincent van Gogh</Filter>
    </Image>
    <Image Include="..\Resources\paintings\Vincent van Gogh\Vincent van Gogh - The Starry Night (1889).jpg">
      <Filter>Resources\paintings\Vincent van Gogh</Filter>
    </Image>
    <Image Include="..\Resources\paintings\Vincent van Gogh\Vincent van Gogh - Wheat Field with Cypresses (1889).jpg">
      <Filter>Resources\paintings\Vincent van Gogh</Filter>
    </Image>
    <Image Include="..\Resources\paintings\Vincent van Gogh\Vincent van Gogh - Windmills on Montmartre (1886).jpg">
      <Filter>Resources\paintings\Vincent van Gogh</Filter>
    </Image>
    <Image Include="..\Resources\paintings\Vincent van Gogh\Vincent van Gogh - Courtesan (After Eisen) (1887).jpg">
      <Filter>Resources\paintings\Vincent van Gogh</Filter>
    </Image>
    <Image Include="..\Resources\paintings\Vincent van Gogh\Vincent van Gogh - Self-Portrait (1887).jpg">
      <Filter>Resources\paintings\Vincent van Gogh</Filter>
    </Image>
    <Image Include="..\Resources\paintings\Vincent van Gogh\Vincent van Gogh - Self-Portrait with Bandaged Ear (1889).jpg">
      <Filter>Resources\paintings\Vincent van Gogh</Filter>
    </Image>
    <Image Include="..\Resources\paintings\Vincent van Gogh\Vincent van Gogh - Skull of a Skeleton with Burning Cigarette (1886).jpg">
      <Filter>Resources\paintings\Vincent van Gogh</Filter>
    </Image>
    <Image Include="..\Resources\paintings\Vincent van Gogh\Vincent van Gogh - Starry Night Over the Rhone (1888).jpg">
      <Filter>Resources\paintings\Vincent van Gogh</Filter>
    </Image>
    <Image Include="..\Resources\paintings\Vincent van Gogh\Vincent van Gogh - Sunflowers.jpg">
      <Filter>Resources\paintings\Vincent van Gogh</Filter>
    </Image>
    <Image Include="..\Resources\paintings\Wassily Kandinsky\Wassily Kandinsky - Small Worlds I (1922).jpg">
      <Filter>Resources\paintings\Wassily Kandinsky</Filter>
    </Image>
    <Image Include="..\Resources\paintings\Wassily Kandinsky\Wassily Kandinsky - Small Worlds II (1922).jpg">
      <Filter>Resources\paintings\Wassily Kandinsky</Filter>
    </Image>
    <Image Include="..\Resources\paintings\Wassily Kandinsky\Wassily Kandinsky - Squares with Concentric (1913).jpg">
      <Filter>Resources\paintings\Wassily Kandinsky</Filter>
    </Image>
    <Image Include="..\Resources\paintings\Wassily Kandinsky\Wassily Kandinsky - The Cow (1910).jpg">
      <Filter>Resources\paintings\Wassily Kandinsky</Filter>
    </Image>
    <Image Include="..\Resources\paintings\Wassily Kandinsky\Wassily Kandinsky - Composition VII (1913).jpg">
      <Filter>Resources\paintings\Wassily Kandinsky</Filter>
    </Image>
    <Image Include="..\Resources\paintings\Wassily Kandinsky\Wassily Kandinsky - Couple on Horseback (1907).jpg">
      <Filter>Resources\paintings\Wassily Kandinsky</Filter>
    </Image>
    <Image Include="..\Resources\paintings\Wassily Kandinsky\Wassily Kandinsky - Crusaders (1903).jpg">
      <Filter>Resources\paintings\Wassily Kandinsky</Filter>
    </Image>
    <Image Include="..\Resources\paintings\Wassily Kandinsky\Wassily Kandinsky - La Forme Blanche (1939).jpg">
      <Filter>Resources\paintings\Wassily Kandinsky</Filter>
    </Image>
    <Image Include="..\Resources\paintings\Wassily Kandinsky\Wassily Kandinsky - Murnau with Church I (1910).jpg">
      <Filter>Resources\paintings\Wassily Kandinsky</Filter>
    </Image>
    <Image Include="..\Resources\paintings\Wassily Kandinsky\Wassily Kandinsky - Several Circles (1926).jpg">
      <Filter>Resources\paintings\Wassily Kandinsky</Filter>
    </Image>
    <Image Include="..\Resources\paintings\AI\AI - Karina (2023).png">
      <Filter>Resources\paintings\AI</Filter>
    </Image>
    <Image Include="..\Resources\paintings\AI\AI - Mars (2023).png">
      <Filter>Resources\paintings\AI</Filter>
    </Image>
    <Image Include="..\Resources\paintings\AI\AI - Pope Francis Wears BALENCIAGA (2023).png">
      <Filter>Resources\paintings\AI</Filter>
    </Image>
    <Image Include="..\Resources\paintings\AI\AI - Space Opera Theator (2022).jpg">
      <Filter>Resources\paintings\AI</Filter>
    </Image>
    <Image Include="..\Resources\paintings\AI\AI - A Game Character (2023).png">
      <Filter>Resources\paintings\AI</Filter>
    </Image>
    <Image Include="..\Resources\paintings\AI\AI - A Woman (2023).png">
      <Filter>Resources\paintings\AI</Filter>
    </Image>
    <Image Include="..\Resources\paintings\AI\AI - Chaos (2022).png">
      <Filter>Resources\paintings\AI</Filter>
    </Image>
    <Image Include="..\Resources\paintings\AI\AI - Frozen Clover (2023).png">
      <Filter>Resources\paintings\AI</Filter>
    </Image>
    <Image Include="..\Resources\paintings\AI\AI - Gotoh Hitori (2023).png">
      <Filter>Resources\paintings\AI</Filter>
    </Image>
    <Image Include="..\Resources\paintings\AI\AI - Haerin (2023).png">
      <Filter>Resources\paintings\AI</Filter>
    </Image>
  </ItemGroup>
  <ItemGroup>
    <Media Include="..\Resources\audios\bgm2.mp3">
      <Filter>Resources\audios</Filter>
    </Media>
    <Media Include="..\Resources\audios\bgm3.mp3">
      <Filter>Resources\audios</Filter>
    </Media>
    <Media Include="..\Resources\audios\click.mp3">
      <Filter>Resources\audios</Filter>
    </Media>
    <Media Include="..\Resources\audios\bgm1.mp3">
      <Filter>Resources\audios</Filter>
    </Media>
  </ItemGroup>
</Project>