
Microsoft Visual Studio Solution File, Format Version 12.00
# Visual Studio Version 17
Project("{2150E333-8FDC-42A3-9474-1A3956D46DE8}") = "CMakePredefinedTargets", "CMakePredefinedTargets", "{0A45B84B-0C76-35F1-9E4E-2D49371A84C1}"
EndProject
Project("{2150E333-8FDC-42A3-9474-1A3956D46DE8}") = "External", "External", "{45744B49-6DFE-33B1-B891-D0DBDE3C79A1}"
EndProject
Project("{2150E333-8FDC-42A3-9474-1A3956D46DE8}") = "Internal", "Internal", "{9D7429EC-DEF2-3D62-9C5E-945D8E61AE71}"
EndProject
Project("{8BC9CEB8-8B4A-11D0-8D11-00A0C91BC942}") = "ALL_BUILD", "ALL_BUILD.vcxproj", "{F1FA41D4-3CDD-30EF-BFBE-93B9C3813A1A}"
	ProjectSection(ProjectDependencies) = postProject
		{19EE88AA-1581-3CB1-9F88-FDB7FB07C332} = {19EE88AA-1581-3CB1-9F88-FDB7FB07C332}
		{DAB1B010-6B37-3CDC-9C7B-D1935769BCDB} = {DAB1B010-6B37-3CDC-9C7B-D1935769BCDB}
		{8A428744-4D92-31C1-9ABB-9E27B3B461C7} = {8A428744-4D92-31C1-9ABB-9E27B3B461C7}
		{058341E6-74BC-31C1-9DBB-19A668968AD3} = {058341E6-74BC-31C1-9DBB-19A668968AD3}
		{2E03D41B-BCAB-3610-970F-12B30D9CBD6A} = {2E03D41B-BCAB-3610-970F-12B30D9CBD6A}
		{E0F7293A-D6BA-3AE6-AE73-190EAB478F94} = {E0F7293A-D6BA-3AE6-AE73-190EAB478F94}
		{E15EC310-CB6F-324A-AFDB-CF91BF6384C4} = {E15EC310-CB6F-324A-AFDB-CF91BF6384C4}
		{7C78153B-3B27-3076-AE04-C9B9226C99C1} = {7C78153B-3B27-3076-AE04-C9B9226C99C1}
		{63515444-5F7C-3F4A-9197-8AE55563EB6F} = {63515444-5F7C-3F4A-9197-8AE55563EB6F}
		{C64248AF-9BEE-3CFF-A7B3-93EE50146AA3} = {C64248AF-9BEE-3CFF-A7B3-93EE50146AA3}
		{3F02F60E-49F9-3057-8A47-725D00C40EA9} = {3F02F60E-49F9-3057-8A47-725D00C40EA9}
		{3EE7D3C1-E7FE-3F2D-9C82-302170E965D0} = {3EE7D3C1-E7FE-3F2D-9C82-302170E965D0}
		{3B29F07C-B1E9-3686-84AF-5489A189524F} = {3B29F07C-B1E9-3686-84AF-5489A189524F}
	EndProjectSection
EndProject
Project("{8BC9CEB8-8B4A-11D0-8D11-00A0C91BC942}") = "ZERO_CHECK", "..\..\..\\ZERO_CHECK.vcxproj", "{19EE88AA-1581-3CB1-9F88-FDB7FB07C332}"
	ProjectSection(ProjectDependencies) = postProject
	EndProjectSection
EndProject
Project("{8BC9CEB8-8B4A-11D0-8D11-00A0C91BC942}") = "cocos2d", "cocos2d.vcxproj", "{DAB1B010-6B37-3CDC-9C7B-D1935769BCDB}"
	ProjectSection(ProjectDependencies) = postProject
		{19EE88AA-1581-3CB1-9F88-FDB7FB07C332} = {19EE88AA-1581-3CB1-9F88-FDB7FB07C332}
		{8A428744-4D92-31C1-9ABB-9E27B3B461C7} = {8A428744-4D92-31C1-9ABB-9E27B3B461C7}
		{058341E6-74BC-31C1-9DBB-19A668968AD3} = {058341E6-74BC-31C1-9DBB-19A668968AD3}
		{2E03D41B-BCAB-3610-970F-12B30D9CBD6A} = {2E03D41B-BCAB-3610-970F-12B30D9CBD6A}
		{E0F7293A-D6BA-3AE6-AE73-190EAB478F94} = {E0F7293A-D6BA-3AE6-AE73-190EAB478F94}
		{E15EC310-CB6F-324A-AFDB-CF91BF6384C4} = {E15EC310-CB6F-324A-AFDB-CF91BF6384C4}
		{7C78153B-3B27-3076-AE04-C9B9226C99C1} = {7C78153B-3B27-3076-AE04-C9B9226C99C1}
		{63515444-5F7C-3F4A-9197-8AE55563EB6F} = {63515444-5F7C-3F4A-9197-8AE55563EB6F}
		{C64248AF-9BEE-3CFF-A7B3-93EE50146AA3} = {C64248AF-9BEE-3CFF-A7B3-93EE50146AA3}
		{3F02F60E-49F9-3057-8A47-725D00C40EA9} = {3F02F60E-49F9-3057-8A47-725D00C40EA9}
		{3EE7D3C1-E7FE-3F2D-9C82-302170E965D0} = {3EE7D3C1-E7FE-3F2D-9C82-302170E965D0}
		{3B29F07C-B1E9-3686-84AF-5489A189524F} = {3B29F07C-B1E9-3686-84AF-5489A189524F}
	EndProjectSection
EndProject
Project("{8BC9CEB8-8B4A-11D0-8D11-00A0C91BC942}") = "ext_clipper", "..\..\external\clipper\ext_clipper.vcxproj", "{8A428744-4D92-31C1-9ABB-9E27B3B461C7}"
	ProjectSection(ProjectDependencies) = postProject
		{19EE88AA-1581-3CB1-9F88-FDB7FB07C332} = {19EE88AA-1581-3CB1-9F88-FDB7FB07C332}
	EndProjectSection
EndProject
Project("{8BC9CEB8-8B4A-11D0-8D11-00A0C91BC942}") = "ext_convertUTF", "..\..\external\ConvertUTF\ext_convertUTF.vcxproj", "{058341E6-74BC-31C1-9DBB-19A668968AD3}"
	ProjectSection(ProjectDependencies) = postProject
		{19EE88AA-1581-3CB1-9F88-FDB7FB07C332} = {19EE88AA-1581-3CB1-9F88-FDB7FB07C332}
	EndProjectSection
EndProject
Project("{8BC9CEB8-8B4A-11D0-8D11-00A0C91BC942}") = "ext_edtaa3func", "..\..\external\edtaa3func\ext_edtaa3func.vcxproj", "{2E03D41B-BCAB-3610-970F-12B30D9CBD6A}"
	ProjectSection(ProjectDependencies) = postProject
		{19EE88AA-1581-3CB1-9F88-FDB7FB07C332} = {19EE88AA-1581-3CB1-9F88-FDB7FB07C332}
	EndProjectSection
EndProject
Project("{8BC9CEB8-8B4A-11D0-8D11-00A0C91BC942}") = "ext_md5", "..\..\external\md5\ext_md5.vcxproj", "{E0F7293A-D6BA-3AE6-AE73-190EAB478F94}"
	ProjectSection(ProjectDependencies) = postProject
		{19EE88AA-1581-3CB1-9F88-FDB7FB07C332} = {19EE88AA-1581-3CB1-9F88-FDB7FB07C332}
	EndProjectSection
EndProject
Project("{8BC9CEB8-8B4A-11D0-8D11-00A0C91BC942}") = "ext_poly2tri", "..\..\external\poly2tri\ext_poly2tri.vcxproj", "{E15EC310-CB6F-324A-AFDB-CF91BF6384C4}"
	ProjectSection(ProjectDependencies) = postProject
		{19EE88AA-1581-3CB1-9F88-FDB7FB07C332} = {19EE88AA-1581-3CB1-9F88-FDB7FB07C332}
	EndProjectSection
EndProject
Project("{8BC9CEB8-8B4A-11D0-8D11-00A0C91BC942}") = "ext_recast", "..\..\external\recast\ext_recast.vcxproj", "{7C78153B-3B27-3076-AE04-C9B9226C99C1}"
	ProjectSection(ProjectDependencies) = postProject
		{19EE88AA-1581-3CB1-9F88-FDB7FB07C332} = {19EE88AA-1581-3CB1-9F88-FDB7FB07C332}
	EndProjectSection
EndProject
Project("{8BC9CEB8-8B4A-11D0-8D11-00A0C91BC942}") = "ext_tinyxml2", "..\..\external\tinyxml2\ext_tinyxml2.vcxproj", "{63515444-5F7C-3F4A-9197-8AE55563EB6F}"
	ProjectSection(ProjectDependencies) = postProject
		{19EE88AA-1581-3CB1-9F88-FDB7FB07C332} = {19EE88AA-1581-3CB1-9F88-FDB7FB07C332}
	EndProjectSection
EndProject
Project("{8BC9CEB8-8B4A-11D0-8D11-00A0C91BC942}") = "ext_unzip", "..\..\external\unzip\ext_unzip.vcxproj", "{C64248AF-9BEE-3CFF-A7B3-93EE50146AA3}"
	ProjectSection(ProjectDependencies) = postProject
		{19EE88AA-1581-3CB1-9F88-FDB7FB07C332} = {19EE88AA-1581-3CB1-9F88-FDB7FB07C332}
	EndProjectSection
EndProject
Project("{8BC9CEB8-8B4A-11D0-8D11-00A0C91BC942}") = "ext_xxhash", "..\..\external\xxhash\ext_xxhash.vcxproj", "{3F02F60E-49F9-3057-8A47-725D00C40EA9}"
	ProjectSection(ProjectDependencies) = postProject
		{19EE88AA-1581-3CB1-9F88-FDB7FB07C332} = {19EE88AA-1581-3CB1-9F88-FDB7FB07C332}
	EndProjectSection
EndProject
Project("{8BC9CEB8-8B4A-11D0-8D11-00A0C91BC942}") = "ext_xxtea", "..\..\external\xxtea\ext_xxtea.vcxproj", "{3EE7D3C1-E7FE-3F2D-9C82-302170E965D0}"
	ProjectSection(ProjectDependencies) = postProject
		{19EE88AA-1581-3CB1-9F88-FDB7FB07C332} = {19EE88AA-1581-3CB1-9F88-FDB7FB07C332}
	EndProjectSection
EndProject
Project("{8BC9CEB8-8B4A-11D0-8D11-00A0C91BC942}") = "external", "..\..\external\external.vcxproj", "{3B29F07C-B1E9-3686-84AF-5489A189524F}"
	ProjectSection(ProjectDependencies) = postProject
		{19EE88AA-1581-3CB1-9F88-FDB7FB07C332} = {19EE88AA-1581-3CB1-9F88-FDB7FB07C332}
		{8A428744-4D92-31C1-9ABB-9E27B3B461C7} = {8A428744-4D92-31C1-9ABB-9E27B3B461C7}
		{058341E6-74BC-31C1-9DBB-19A668968AD3} = {058341E6-74BC-31C1-9DBB-19A668968AD3}
		{2E03D41B-BCAB-3610-970F-12B30D9CBD6A} = {2E03D41B-BCAB-3610-970F-12B30D9CBD6A}
		{E0F7293A-D6BA-3AE6-AE73-190EAB478F94} = {E0F7293A-D6BA-3AE6-AE73-190EAB478F94}
		{E15EC310-CB6F-324A-AFDB-CF91BF6384C4} = {E15EC310-CB6F-324A-AFDB-CF91BF6384C4}
		{7C78153B-3B27-3076-AE04-C9B9226C99C1} = {7C78153B-3B27-3076-AE04-C9B9226C99C1}
		{63515444-5F7C-3F4A-9197-8AE55563EB6F} = {63515444-5F7C-3F4A-9197-8AE55563EB6F}
		{C64248AF-9BEE-3CFF-A7B3-93EE50146AA3} = {C64248AF-9BEE-3CFF-A7B3-93EE50146AA3}
		{3F02F60E-49F9-3057-8A47-725D00C40EA9} = {3F02F60E-49F9-3057-8A47-725D00C40EA9}
		{3EE7D3C1-E7FE-3F2D-9C82-302170E965D0} = {3EE7D3C1-E7FE-3F2D-9C82-302170E965D0}
	EndProjectSection
EndProject
Global
	GlobalSection(SolutionConfigurationPlatforms) = preSolution
		Debug|Win32 = Debug|Win32
		Release|Win32 = Release|Win32
		MinSizeRel|Win32 = MinSizeRel|Win32
		RelWithDebInfo|Win32 = RelWithDebInfo|Win32
	EndGlobalSection
	GlobalSection(ProjectConfigurationPlatforms) = postSolution
		{F1FA41D4-3CDD-30EF-BFBE-93B9C3813A1A}.Debug|Win32.ActiveCfg = Debug|Win32
		{F1FA41D4-3CDD-30EF-BFBE-93B9C3813A1A}.Release|Win32.ActiveCfg = Release|Win32
		{F1FA41D4-3CDD-30EF-BFBE-93B9C3813A1A}.MinSizeRel|Win32.ActiveCfg = MinSizeRel|Win32
		{F1FA41D4-3CDD-30EF-BFBE-93B9C3813A1A}.RelWithDebInfo|Win32.ActiveCfg = RelWithDebInfo|Win32
		{19EE88AA-1581-3CB1-9F88-FDB7FB07C332}.Debug|Win32.ActiveCfg = Debug|Win32
		{19EE88AA-1581-3CB1-9F88-FDB7FB07C332}.Debug|Win32.Build.0 = Debug|Win32
		{19EE88AA-1581-3CB1-9F88-FDB7FB07C332}.Release|Win32.ActiveCfg = Release|Win32
		{19EE88AA-1581-3CB1-9F88-FDB7FB07C332}.Release|Win32.Build.0 = Release|Win32
		{19EE88AA-1581-3CB1-9F88-FDB7FB07C332}.MinSizeRel|Win32.ActiveCfg = MinSizeRel|Win32
		{19EE88AA-1581-3CB1-9F88-FDB7FB07C332}.MinSizeRel|Win32.Build.0 = MinSizeRel|Win32
		{19EE88AA-1581-3CB1-9F88-FDB7FB07C332}.RelWithDebInfo|Win32.ActiveCfg = RelWithDebInfo|Win32
		{19EE88AA-1581-3CB1-9F88-FDB7FB07C332}.RelWithDebInfo|Win32.Build.0 = RelWithDebInfo|Win32
		{DAB1B010-6B37-3CDC-9C7B-D1935769BCDB}.Debug|Win32.ActiveCfg = Debug|Win32
		{DAB1B010-6B37-3CDC-9C7B-D1935769BCDB}.Debug|Win32.Build.0 = Debug|Win32
		{DAB1B010-6B37-3CDC-9C7B-D1935769BCDB}.Release|Win32.ActiveCfg = Release|Win32
		{DAB1B010-6B37-3CDC-9C7B-D1935769BCDB}.Release|Win32.Build.0 = Release|Win32
		{DAB1B010-6B37-3CDC-9C7B-D1935769BCDB}.MinSizeRel|Win32.ActiveCfg = MinSizeRel|Win32
		{DAB1B010-6B37-3CDC-9C7B-D1935769BCDB}.MinSizeRel|Win32.Build.0 = MinSizeRel|Win32
		{DAB1B010-6B37-3CDC-9C7B-D1935769BCDB}.RelWithDebInfo|Win32.ActiveCfg = RelWithDebInfo|Win32
		{DAB1B010-6B37-3CDC-9C7B-D1935769BCDB}.RelWithDebInfo|Win32.Build.0 = RelWithDebInfo|Win32
		{8A428744-4D92-31C1-9ABB-9E27B3B461C7}.Debug|Win32.ActiveCfg = Debug|Win32
		{8A428744-4D92-31C1-9ABB-9E27B3B461C7}.Debug|Win32.Build.0 = Debug|Win32
		{8A428744-4D92-31C1-9ABB-9E27B3B461C7}.Release|Win32.ActiveCfg = Release|Win32
		{8A428744-4D92-31C1-9ABB-9E27B3B461C7}.Release|Win32.Build.0 = Release|Win32
		{8A428744-4D92-31C1-9ABB-9E27B3B461C7}.MinSizeRel|Win32.ActiveCfg = MinSizeRel|Win32
		{8A428744-4D92-31C1-9ABB-9E27B3B461C7}.MinSizeRel|Win32.Build.0 = MinSizeRel|Win32
		{8A428744-4D92-31C1-9ABB-9E27B3B461C7}.RelWithDebInfo|Win32.ActiveCfg = RelWithDebInfo|Win32
		{8A428744-4D92-31C1-9ABB-9E27B3B461C7}.RelWithDebInfo|Win32.Build.0 = RelWithDebInfo|Win32
		{058341E6-74BC-31C1-9DBB-19A668968AD3}.Debug|Win32.ActiveCfg = Debug|Win32
		{058341E6-74BC-31C1-9DBB-19A668968AD3}.Debug|Win32.Build.0 = Debug|Win32
		{058341E6-74BC-31C1-9DBB-19A668968AD3}.Release|Win32.ActiveCfg = Release|Win32
		{058341E6-74BC-31C1-9DBB-19A668968AD3}.Release|Win32.Build.0 = Release|Win32
		{058341E6-74BC-31C1-9DBB-19A668968AD3}.MinSizeRel|Win32.ActiveCfg = MinSizeRel|Win32
		{058341E6-74BC-31C1-9DBB-19A668968AD3}.MinSizeRel|Win32.Build.0 = MinSizeRel|Win32
		{058341E6-74BC-31C1-9DBB-19A668968AD3}.RelWithDebInfo|Win32.ActiveCfg = RelWithDebInfo|Win32
		{058341E6-74BC-31C1-9DBB-19A668968AD3}.RelWithDebInfo|Win32.Build.0 = RelWithDebInfo|Win32
		{2E03D41B-BCAB-3610-970F-12B30D9CBD6A}.Debug|Win32.ActiveCfg = Debug|Win32
		{2E03D41B-BCAB-3610-970F-12B30D9CBD6A}.Debug|Win32.Build.0 = Debug|Win32
		{2E03D41B-BCAB-3610-970F-12B30D9CBD6A}.Release|Win32.ActiveCfg = Release|Win32
		{2E03D41B-BCAB-3610-970F-12B30D9CBD6A}.Release|Win32.Build.0 = Release|Win32
		{2E03D41B-BCAB-3610-970F-12B30D9CBD6A}.MinSizeRel|Win32.ActiveCfg = MinSizeRel|Win32
		{2E03D41B-BCAB-3610-970F-12B30D9CBD6A}.MinSizeRel|Win32.Build.0 = MinSizeRel|Win32
		{2E03D41B-BCAB-3610-970F-12B30D9CBD6A}.RelWithDebInfo|Win32.ActiveCfg = RelWithDebInfo|Win32
		{2E03D41B-BCAB-3610-970F-12B30D9CBD6A}.RelWithDebInfo|Win32.Build.0 = RelWithDebInfo|Win32
		{E0F7293A-D6BA-3AE6-AE73-190EAB478F94}.Debug|Win32.ActiveCfg = Debug|Win32
		{E0F7293A-D6BA-3AE6-AE73-190EAB478F94}.Debug|Win32.Build.0 = Debug|Win32
		{E0F7293A-D6BA-3AE6-AE73-190EAB478F94}.Release|Win32.ActiveCfg = Release|Win32
		{E0F7293A-D6BA-3AE6-AE73-190EAB478F94}.Release|Win32.Build.0 = Release|Win32
		{E0F7293A-D6BA-3AE6-AE73-190EAB478F94}.MinSizeRel|Win32.ActiveCfg = MinSizeRel|Win32
		{E0F7293A-D6BA-3AE6-AE73-190EAB478F94}.MinSizeRel|Win32.Build.0 = MinSizeRel|Win32
		{E0F7293A-D6BA-3AE6-AE73-190EAB478F94}.RelWithDebInfo|Win32.ActiveCfg = RelWithDebInfo|Win32
		{E0F7293A-D6BA-3AE6-AE73-190EAB478F94}.RelWithDebInfo|Win32.Build.0 = RelWithDebInfo|Win32
		{E15EC310-CB6F-324A-AFDB-CF91BF6384C4}.Debug|Win32.ActiveCfg = Debug|Win32
		{E15EC310-CB6F-324A-AFDB-CF91BF6384C4}.Debug|Win32.Build.0 = Debug|Win32
		{E15EC310-CB6F-324A-AFDB-CF91BF6384C4}.Release|Win32.ActiveCfg = Release|Win32
		{E15EC310-CB6F-324A-AFDB-CF91BF6384C4}.Release|Win32.Build.0 = Release|Win32
		{E15EC310-CB6F-324A-AFDB-CF91BF6384C4}.MinSizeRel|Win32.ActiveCfg = MinSizeRel|Win32
		{E15EC310-CB6F-324A-AFDB-CF91BF6384C4}.MinSizeRel|Win32.Build.0 = MinSizeRel|Win32
		{E15EC310-CB6F-324A-AFDB-CF91BF6384C4}.RelWithDebInfo|Win32.ActiveCfg = RelWithDebInfo|Win32
		{E15EC310-CB6F-324A-AFDB-CF91BF6384C4}.RelWithDebInfo|Win32.Build.0 = RelWithDebInfo|Win32
		{7C78153B-3B27-3076-AE04-C9B9226C99C1}.Debug|Win32.ActiveCfg = Debug|Win32
		{7C78153B-3B27-3076-AE04-C9B9226C99C1}.Debug|Win32.Build.0 = Debug|Win32
		{7C78153B-3B27-3076-AE04-C9B9226C99C1}.Release|Win32.ActiveCfg = Release|Win32
		{7C78153B-3B27-3076-AE04-C9B9226C99C1}.Release|Win32.Build.0 = Release|Win32
		{7C78153B-3B27-3076-AE04-C9B9226C99C1}.MinSizeRel|Win32.ActiveCfg = MinSizeRel|Win32
		{7C78153B-3B27-3076-AE04-C9B9226C99C1}.MinSizeRel|Win32.Build.0 = MinSizeRel|Win32
		{7C78153B-3B27-3076-AE04-C9B9226C99C1}.RelWithDebInfo|Win32.ActiveCfg = RelWithDebInfo|Win32
		{7C78153B-3B27-3076-AE04-C9B9226C99C1}.RelWithDebInfo|Win32.Build.0 = RelWithDebInfo|Win32
		{63515444-5F7C-3F4A-9197-8AE55563EB6F}.Debug|Win32.ActiveCfg = Debug|Win32
		{63515444-5F7C-3F4A-9197-8AE55563EB6F}.Debug|Win32.Build.0 = Debug|Win32
		{63515444-5F7C-3F4A-9197-8AE55563EB6F}.Release|Win32.ActiveCfg = Release|Win32
		{63515444-5F7C-3F4A-9197-8AE55563EB6F}.Release|Win32.Build.0 = Release|Win32
		{63515444-5F7C-3F4A-9197-8AE55563EB6F}.MinSizeRel|Win32.ActiveCfg = MinSizeRel|Win32
		{63515444-5F7C-3F4A-9197-8AE55563EB6F}.MinSizeRel|Win32.Build.0 = MinSizeRel|Win32
		{63515444-5F7C-3F4A-9197-8AE55563EB6F}.RelWithDebInfo|Win32.ActiveCfg = RelWithDebInfo|Win32
		{63515444-5F7C-3F4A-9197-8AE55563EB6F}.RelWithDebInfo|Win32.Build.0 = RelWithDebInfo|Win32
		{C64248AF-9BEE-3CFF-A7B3-93EE50146AA3}.Debug|Win32.ActiveCfg = Debug|Win32
		{C64248AF-9BEE-3CFF-A7B3-93EE50146AA3}.Debug|Win32.Build.0 = Debug|Win32
		{C64248AF-9BEE-3CFF-A7B3-93EE50146AA3}.Release|Win32.ActiveCfg = Release|Win32
		{C64248AF-9BEE-3CFF-A7B3-93EE50146AA3}.Release|Win32.Build.0 = Release|Win32
		{C64248AF-9BEE-3CFF-A7B3-93EE50146AA3}.MinSizeRel|Win32.ActiveCfg = MinSizeRel|Win32
		{C64248AF-9BEE-3CFF-A7B3-93EE50146AA3}.MinSizeRel|Win32.Build.0 = MinSizeRel|Win32
		{C64248AF-9BEE-3CFF-A7B3-93EE50146AA3}.RelWithDebInfo|Win32.ActiveCfg = RelWithDebInfo|Win32
		{C64248AF-9BEE-3CFF-A7B3-93EE50146AA3}.RelWithDebInfo|Win32.Build.0 = RelWithDebInfo|Win32
		{3F02F60E-49F9-3057-8A47-725D00C40EA9}.Debug|Win32.ActiveCfg = Debug|Win32
		{3F02F60E-49F9-3057-8A47-725D00C40EA9}.Debug|Win32.Build.0 = Debug|Win32
		{3F02F60E-49F9-3057-8A47-725D00C40EA9}.Release|Win32.ActiveCfg = Release|Win32
		{3F02F60E-49F9-3057-8A47-725D00C40EA9}.Release|Win32.Build.0 = Release|Win32
		{3F02F60E-49F9-3057-8A47-725D00C40EA9}.MinSizeRel|Win32.ActiveCfg = MinSizeRel|Win32
		{3F02F60E-49F9-3057-8A47-725D00C40EA9}.MinSizeRel|Win32.Build.0 = MinSizeRel|Win32
		{3F02F60E-49F9-3057-8A47-725D00C40EA9}.RelWithDebInfo|Win32.ActiveCfg = RelWithDebInfo|Win32
		{3F02F60E-49F9-3057-8A47-725D00C40EA9}.RelWithDebInfo|Win32.Build.0 = RelWithDebInfo|Win32
		{3EE7D3C1-E7FE-3F2D-9C82-302170E965D0}.Debug|Win32.ActiveCfg = Debug|Win32
		{3EE7D3C1-E7FE-3F2D-9C82-302170E965D0}.Debug|Win32.Build.0 = Debug|Win32
		{3EE7D3C1-E7FE-3F2D-9C82-302170E965D0}.Release|Win32.ActiveCfg = Release|Win32
		{3EE7D3C1-E7FE-3F2D-9C82-302170E965D0}.Release|Win32.Build.0 = Release|Win32
		{3EE7D3C1-E7FE-3F2D-9C82-302170E965D0}.MinSizeRel|Win32.ActiveCfg = MinSizeRel|Win32
		{3EE7D3C1-E7FE-3F2D-9C82-302170E965D0}.MinSizeRel|Win32.Build.0 = MinSizeRel|Win32
		{3EE7D3C1-E7FE-3F2D-9C82-302170E965D0}.RelWithDebInfo|Win32.ActiveCfg = RelWithDebInfo|Win32
		{3EE7D3C1-E7FE-3F2D-9C82-302170E965D0}.RelWithDebInfo|Win32.Build.0 = RelWithDebInfo|Win32
		{3B29F07C-B1E9-3686-84AF-5489A189524F}.Debug|Win32.ActiveCfg = Debug|Win32
		{3B29F07C-B1E9-3686-84AF-5489A189524F}.Debug|Win32.Build.0 = Debug|Win32
		{3B29F07C-B1E9-3686-84AF-5489A189524F}.Release|Win32.ActiveCfg = Release|Win32
		{3B29F07C-B1E9-3686-84AF-5489A189524F}.Release|Win32.Build.0 = Release|Win32
		{3B29F07C-B1E9-3686-84AF-5489A189524F}.MinSizeRel|Win32.ActiveCfg = MinSizeRel|Win32
		{3B29F07C-B1E9-3686-84AF-5489A189524F}.MinSizeRel|Win32.Build.0 = MinSizeRel|Win32
		{3B29F07C-B1E9-3686-84AF-5489A189524F}.RelWithDebInfo|Win32.ActiveCfg = RelWithDebInfo|Win32
		{3B29F07C-B1E9-3686-84AF-5489A189524F}.RelWithDebInfo|Win32.Build.0 = RelWithDebInfo|Win32
	EndGlobalSection
	GlobalSection(NestedProjects) = preSolution
		{F1FA41D4-3CDD-30EF-BFBE-93B9C3813A1A} = {0A45B84B-0C76-35F1-9E4E-2D49371A84C1}
		{19EE88AA-1581-3CB1-9F88-FDB7FB07C332} = {0A45B84B-0C76-35F1-9E4E-2D49371A84C1}
		{8A428744-4D92-31C1-9ABB-9E27B3B461C7} = {45744B49-6DFE-33B1-B891-D0DBDE3C79A1}
		{058341E6-74BC-31C1-9DBB-19A668968AD3} = {45744B49-6DFE-33B1-B891-D0DBDE3C79A1}
		{2E03D41B-BCAB-3610-970F-12B30D9CBD6A} = {45744B49-6DFE-33B1-B891-D0DBDE3C79A1}
		{E0F7293A-D6BA-3AE6-AE73-190EAB478F94} = {45744B49-6DFE-33B1-B891-D0DBDE3C79A1}
		{E15EC310-CB6F-324A-AFDB-CF91BF6384C4} = {45744B49-6DFE-33B1-B891-D0DBDE3C79A1}
		{7C78153B-3B27-3076-AE04-C9B9226C99C1} = {45744B49-6DFE-33B1-B891-D0DBDE3C79A1}
		{63515444-5F7C-3F4A-9197-8AE55563EB6F} = {45744B49-6DFE-33B1-B891-D0DBDE3C79A1}
		{C64248AF-9BEE-3CFF-A7B3-93EE50146AA3} = {45744B49-6DFE-33B1-B891-D0DBDE3C79A1}
		{3F02F60E-49F9-3057-8A47-725D00C40EA9} = {45744B49-6DFE-33B1-B891-D0DBDE3C79A1}
		{3EE7D3C1-E7FE-3F2D-9C82-302170E965D0} = {45744B49-6DFE-33B1-B891-D0DBDE3C79A1}
		{3B29F07C-B1E9-3686-84AF-5489A189524F} = {45744B49-6DFE-33B1-B891-D0DBDE3C79A1}
		{DAB1B010-6B37-3CDC-9C7B-D1935769BCDB} = {9D7429EC-DEF2-3D62-9C5E-945D8E61AE71}
	EndGlobalSection
	GlobalSection(ExtensibilityGlobals) = postSolution
		SolutionGuid = {DACEBBCA-CA83-3FB4-8A2C-0A3D2718524F}
	EndGlobalSection
	GlobalSection(ExtensibilityAddIns) = postSolution
	EndGlobalSection
EndGlobal
